
Microsoft Visual Studio Solution File, Format Version 12.00
# Visual Studio Version 17
VisualStudioVersion = 17.13.35931.197
MinimumVisualStudioVersion = 10.0.40219.1
Project("{FAE04EC0-301F-11D3-BF4B-00C04F79EFBC}") = "OzmetWebSite", "OzmetWebSite\OzmetWebSite.csproj", "{F7EC9DEA-AE97-48F4-AE45-52331E7B2626}"
EndProject
Global
	GlobalSection(SolutionConfigurationPlatforms) = preSolution
		Debug|Any CPU = Debug|Any CPU
		Release|Any CPU = Release|Any CPU
	EndGlobalSection
	GlobalSection(ProjectConfigurationPlatforms) = postSolution
		{F7EC9DEA-AE97-48F4-AE45-52331E7B2626}.Debug|Any CPU.ActiveCfg = Debug|Any CPU
		{F7EC9DEA-AE97-48F4-AE45-52331E7B2626}.Debug|Any CPU.Build.0 = Debug|Any CPU
		{F7EC9DEA-AE97-48F4-AE45-52331E7B2626}.Release|Any CPU.ActiveCfg = Release|Any CPU
		{F7EC9DEA-AE97-48F4-AE45-52331E7B2626}.Release|Any CPU.Build.0 = Release|Any CPU
	EndGlobalSection
	GlobalSection(SolutionProperties) = preSolution
		HideSolutionNode = FALSE
	EndGlobalSection
	GlobalSection(ExtensibilityGlobals) = postSolution
		SolutionGuid = {B6ADF3A7-63DA-4225-8E17-46801B95425F}
	EndGlobalSection
EndGlobal
